// !$*UTF8*$!
{
	archiveVersion = 1;
	classes = {
	};
	objectVersion = 48;
	objects = {

/* Begin PBXBuildFile section */
		DE43C5FA1F424EA50053C2DF /* AppDelegate.swift in Sources */ = {isa = PBXBuildFile; fileRef = DE43C5F91F424EA50053C2DF /* AppDelegate.swift */; };
		DE43C5FC1F424EA50053C2DF /* art.scnassets in Resources */ = {isa = PBXBuildFile; fileRef = DE43C5FB1F424EA50053C2DF /* art.scnassets */; };
		DE43C5FE1F424EA50053C2DF /* ViewController.swift in Sources */ = {isa = PBXBuildFile; fileRef = DE43C5FD1F424EA50053C2DF /* ViewController.swift */; };
		DE43C6011F424EA50053C2DF /* Main.storyboard in Resources */ = {isa = PBXBuildFile; fileRef = DE43C5FF1F424EA50053C2DF /* Main.storyboard */; };
		DE43C6031F424EA50053C2DF /* Assets.xcassets in Resources */ = {isa = PBXBuildFile; fileRef = DE43C6021F424EA50053C2DF /* Assets.xcassets */; };
		DE43C6061F424EA50053C2DF /* LaunchScreen.storyboard in Resources */ = {isa = PBXBuildFile; fileRef = DE43C6041F424EA50053C2DF /* LaunchScreen.storyboard */; };
/* End PBXBuildFile section */

/* Begin PBXFileReference section */
		DE43C5F61F424EA50053C2DF /* MyFirstARApp.app */ = {isa = PBXFileReference; explicitFileType = wrapper.application; includeInIndex = 0; path = MyFirstARApp.app; sourceTree = BUILT_PRODUCTS_DIR; };
		DE43C5F91F424EA50053C2DF /* AppDelegate.swift */ = {isa = PBXFileReference; lastKnownFileType = sourcecode.swift; path = AppDelegate.swift; sourceTree = "<group>"; };
		DE43C5FB1F424EA50053C2DF /* art.scnassets */ = {isa = PBXFileReference; lastKnownFileType = wrapper.scnassets; path = art.scnassets; sourceTree = "<group>"; };
		DE43C5FD1F424EA50053C2DF /* ViewController.swift */ = {isa = PBXFileReference; lastKnownFileType = sourcecode.swift; path = ViewController.swift; sourceTree = "<group>"; };
		DE43C6001F424EA50053C2DF /* Base */ = {isa = PBXFileReference; lastKnownFileType = file.storyboard; name = Base; path = Base.lproj/Main.storyboard; sourceTree = "<group>"; };
		DE43C6021F424EA50053C2DF /* Assets.xcassets */ = {isa = PBXFileReference; lastKnownFileType = folder.assetcatalog; path = Assets.xcassets; sourceTree = "<group>"; };
		DE43C6051F424EA50053C2DF /* Base */ = {isa = PBXFileReference; lastKnownFileType = file.storyboard; name = Base; path = Base.lproj/LaunchScreen.storyboard; sourceTree = "<group>"; };
		DE43C6071F424EA50053C2DF /* Info.plist */ = {isa = PBXFileReference; lastKnownFileType = text.plist.xml; path = Info.plist; sourceTree = "<group>"; };
/* End PBXFileReference section */

/* Begin PBXFrameworksBuildPhase section */
		DE43C5F31F424EA50053C2DF /* Frameworks */ = {
			isa = PBXFrameworksBuildPhase;
			buildActionMask = 2147483647;
			files = (
			);
			runOnlyForDeploymentPostprocessing = 0;
		};
/* End PBXFrameworksBuildPhase section */

/* Begin PBXGroup section */
		DE43C5ED1F424EA40053C2DF = {
			isa = PBXGroup;
			children = (
				DE43C5F81F424EA50053C2DF /* MyFirstARApp */,
				DE43C5F71F424EA50053C2DF /* Products */,
			);
			sourceTree = "<group>";
		};
		DE43C5F71F424EA50053C2DF /* Products */ = {
			isa = PBXGroup;
			children = (
				DE43C5F61F424EA50053C2DF /* MyFirstARApp.app */,
			);
			name = Products;
			sourceTree = "<group>";
		};
		DE43C5F81F424EA50053C2DF /* MyFirstARApp */ = {
			isa = PBXGroup;
			children = (
				DE43C5F91F424EA50053C2DF /* AppDelegate.swift */,
				DE43C5FB1F424EA50053C2DF /* art.scnassets */,
				DE43C5FD1F424EA50053C2DF /* ViewController.swift */,
				DE43C5FF1F424EA50053C2DF /* Main.storyboard */,
				DE43C6021F424EA50053C2DF /* Assets.xcassets */,
				DE43C6041F424EA50053C2DF /* LaunchScreen.storyboard */,
				DE43C6071F424EA50053C2DF /* Info.plist */,
			);
			path = MyFirstARApp;
			sourceTree = "<group>";
		};
/* End PBXGroup section */

/* Begin PBXNativeTarget section */
		DE43C5F51F424EA50053C2DF /* MyFirstARApp */ = {
			isa = PBXNativeTarget;
			buildConfigurationList = DE43C60A1F424EA50053C2DF /* Build configuration list for PBXNativeTarget "MyFirstARApp" */;
			buildPhases = (
				DE43C5F21F424EA50053C2DF /* Sources */,
				DE43C5F31F424EA50053C2DF /* Frameworks */,
				DE43C5F41F424EA50053C2DF /* Resources */,
			);
			buildRules = (
			);
			dependencies = (
			);
			name = MyFirstARApp;
			productName = MyFirstARApp;
			productReference = DE43C5F61F424EA50053C2DF /* MyFirstARApp.app */;
			productType = "com.apple.product-type.application";
		};
/* End PBXNativeTarget section */

/* Begin PBXProject section */
		DE43C5EE1F424EA40053C2DF /* Project object */ = {
			isa = PBXProject;
			attributes = {
				LastSwiftUpdateCheck = 0900;
				LastUpgradeCheck = 0900;
				ORGANIZATIONNAME = Confiz;
				TargetAttributes = {
					DE43C5F51F424EA50053C2DF = {
						CreatedOnToolsVersion = 9.0;
					};
				};
			};
			buildConfigurationList = DE43C5F11F424EA40053C2DF /* Build configuration list for PBXProject "MyFirstARApp" */;
			compatibilityVersion = "Xcode 8.0";
			developmentRegion = en;
			hasScannedForEncodings = 0;
			knownRegions = (
				en,
				Base,
			);
			mainGroup = DE43C5ED1F424EA40053C2DF;
			productRefGroup = DE43C5F71F424EA50053C2DF /* Products */;
			projectDirPath = "";
			projectRoot = "";
			targets = (
				DE43C5F51F424EA50053C2DF /* MyFirstARApp */,
			);
		};
/* End PBXProject section */

/* Begin PBXResourcesBuildPhase section */
		DE43C5F41F424EA50053C2DF /* Resources */ = {
			isa = PBXResourcesBuildPhase;
			buildActionMask = 2147483647;
			files = (
				DE43C5FC1F424EA50053C2DF /* art.scnassets in Resources */,
				DE43C6061F424EA50053C2DF /* LaunchScreen.storyboard in Resources */,
				DE43C6031F424EA50053C2DF /* Assets.xcassets in Resources */,
				DE43C6011F424EA50053C2DF /* Main.storyboard in Resources */,
			);
			runOnlyForDeploymentPostprocessing = 0;
		};
/* End PBXResourcesBuildPhase section */

/* Begin PBXSourcesBuildPhase section */
		DE43C5F21F424EA50053C2DF /* Sources */ = {
			isa = PBXSourcesBuildPhase;
			buildActionMask = 2147483647;
			files = (
				DE43C5FE1F424EA50053C2DF /* ViewController.swift in Sources */,
				DE43C5FA1F424EA50053C2DF /* AppDelegate.swift in Sources */,
			);
			runOnlyForDeploymentPostprocessing = 0;
		};
/* End PBXSourcesBuildPhase section */

/* Begin PBXVariantGroup section */
		DE43C5FF1F424EA50053C2DF /* Main.storyboard */ = {
			isa = PBXVariantGroup;
			children = (
				DE43C6001F424EA50053C2DF /* Base */,
			);
			name = Main.storyboard;
			sourceTree = "<group>";
		};
		DE43C6041F424EA50053C2DF /* LaunchScreen.storyboard */ = {
			isa = PBXVariantGroup;
			children = (
				DE43C6051F424EA50053C2DF /* Base */,
			);
			name = LaunchScreen.storyboard;
			sourceTree = "<group>";
		};
/* End PBXVariantGroup section */

/* Begin XCBuildConfiguration section */
		DE43C6081F424EA50053C2DF /* Debug */ = {
			isa = XCBuildConfiguration;
			buildSettings = {
				ALWAYS_SEARCH_USER_PATHS = NO;
				CLANG_ANALYZER_NONNULL = YES;
				CLANG_ANALYZER_NUMBER_OBJECT_CONVERSION = YES_AGGRESSIVE;
				CLANG_CXX_LANGUAGE_STANDARD = "gnu++14";
				CLANG_CXX_LIBRARY = "libc++";
				CLANG_ENABLE_MODULES = YES;
				CLANG_ENABLE_OBJC_ARC = YES;
				CLANG_WARN_BLOCK_CAPTURE_AUTORELEASING = YES;
				CLANG_WARN_BOOL_CONVERSION = YES;
				CLANG_WARN_COMMA = YES;
				CLANG_WARN_CONSTANT_CONVERSION = YES;
				CLANG_WARN_DIRECT_OBJC_ISA_USAGE = YES_ERROR;
				CLANG_WARN_DOCUMENTATION_COMMENTS = YES;
				CLANG_WARN_EMPTY_BODY = YES;
				CLANG_WARN_ENUM_CONVERSION = YES;
				CLANG_WARN_INFINITE_RECURSION = YES;
				CLANG_WARN_INT_CONVERSION = YES;
				CLANG_WARN_OBJC_ROOT_CLASS = YES_ERROR;
				CLANG_WARN_RANGE_LOOP_ANALYSIS = YES;
				CLANG_WARN_STRICT_PROTOTYPES = YES;
				CLANG_WARN_SUSPICIOUS_MOVE = YES;
				CLANG_WARN_UNGUARDED_AVAILABILITY = YES_AGGRESSIVE;
				CLANG_WARN_UNREACHABLE_CODE = YES;
				CLANG_WARN__DUPLICATE_METHOD_MATCH = YES;
				CODE_SIGN_IDENTITY = "iPhone Developer";
				COPY_PHASE_STRIP = NO;
				DEBUG_INFORMATION_FORMAT = dwarf;
				ENABLE_STRICT_OBJC_MSGSEND = YES;
				ENABLE_TESTABILITY = YES;
				GCC_C_LANGUAGE_STANDARD = gnu11;
				GCC_DYNAMIC_NO_PIC = NO;
				GCC_NO_COMMON_BLOCKS = YES;
				GCC_OPTIMIZATION_LEVEL = 0;
				GCC_PREPROCESSOR_DEFINITIONS = (
					"DEBUG=1",
					"$(inherited)",
				);
				GCC_WARN_64_TO_32_BIT_CONVERSION = YES;
				GCC_WARN_ABOUT_RETURN_TYPE = YES_ERROR;
				GCC_WARN_UNDECLARED_SELECTOR = YES;
				GCC_WARN_UNINITIALIZED_AUTOS = YES_AGGRESSIVE;
				GCC_WARN_UNUSED_FUNCTION = YES;
				GCC_WARN_UNUSED_VARIABLE = YES;
				IPHONEOS_DEPLOYMENT_TARGET = 11.0;
				MTL_ENABLE_DEBUG_INFO = YES;
				ONLY_ACTIVE_ARCH = YES;
				SDKROOT = iphoneos;
				SWIFT_ACTIVE_COMPILATION_CONDITIONS = DEBUG;
				SWIFT_OPTIMIZATION_LEVEL = "-Onone";
			};
			name = Debug;
		};
		DE43C6091F424EA50053C2DF /* Release */ = {
			isa = XCBuildConfiguration;
			buildSettings = {
				ALWAYS_SEARCH_USER_PATHS = NO;
				CLANG_ANALYZER_NONNULL = YES;
				CLANG_ANALYZER_NUMBER_OBJECT_CONVERSION = YES_AGGRESSIVE;
				CLANG_CXX_LANGUAGE_STANDARD = "gnu++14";
				CLANG_CXX_LIBRARY = "libc++";
				CLANG_ENABLE_MODULES = YES;
				CLANG_ENABLE_OBJC_ARC = YES;
				CLANG_WARN_BLOCK_CAPTURE_AUTORELEASING = YES;
				CLANG_WARN_BOOL_CONVERSION = YES;
				CLANG_WARN_COMMA = YES;
				CLANG_WARN_CONSTANT_CONVERSION = YES;
				CLANG_WARN_DIRECT_OBJC_ISA_USAGE = YES_ERROR;
				CLANG_WARN_DOCUMENTATION_COMMENTS = YES;
				CLANG_WARN_EMPTY_BODY = YES;
				CLANG_WARN_ENUM_CONVERSION = YES;
				CLANG_WARN_INFINITE_RECURSION = YES;
				CLANG_WARN_INT_CONVERSION = YES;
				CLANG_WARN_OBJC_ROOT_CLASS = YES_ERROR;
				CLANG_WARN_RANGE_LOOP_ANALYSIS = YES;
				CLANG_WARN_STRICT_PROTOTYPES = YES;
				CLANG_WARN_SUSPICIOUS_MOVE = YES;
				CLANG_WARN_UNGUARDED_AVAILABILITY = YES_AGGRESSIVE;
				CLANG_WARN_UNREACHABLE_CODE = YES;
				CLANG_WARN__DUPLICATE_METHOD_MATCH = YES;
				CODE_SIGN_IDENTITY = "iPhone Developer";
				COPY_PHASE_STRIP = NO;
				DEBUG_INFORMATION_FORMAT = "dwarf-with-dsym";
				ENABLE_NS_ASSERTIONS = NO;
				ENABLE_STRICT_OBJC_MSGSEND = YES;
				GCC_C_LANGUAGE_STANDARD = gnu11;
				GCC_NO_COMMON_BLOCKS = YES;
				GCC_WARN_64_TO_32_BIT_CONVERSION = YES;
				GCC_WARN_ABOUT_RETURN_TYPE = YES_ERROR;
				GCC_WARN_UNDECLARED_SELECTOR = YES;
				GCC_WARN_UNINITIALIZED_AUTOS = YES_AGGRESSIVE;
				GCC_WARN_UNUSED_FUNCTION = YES;
				GCC_WARN_UNUSED_VARIABLE = YES;
				IPHONEOS_DEPLOYMENT_TARGET = 11.0;
				MTL_ENABLE_DEBUG_INFO = NO;
				SDKROOT = iphoneos;
				SWIFT_OPTIMIZATION_LEVEL = "-Owholemodule";
				VALIDATE_PRODUCT = YES;
			};
			name = Release;
		};
		DE43C60B1F424EA50053C2DF /* Debug */ = {
			isa = XCBuildConfiguration;
			buildSettings = {
				ASSETCATALOG_COMPILER_APPICON_NAME = AppIcon;
				DEVELOPMENT_TEAM = EG83GDTSK2;
				INFOPLIST_FILE = MyFirstARApp/Info.plist;
				LD_RUNPATH_SEARCH_PATHS = "$(inherited) @executable_path/Frameworks";
				PRODUCT_BUNDLE_IDENTIFIER = com.Confiz.MyFirstARApp;
				PRODUCT_NAME = "$(TARGET_NAME)";
				SWIFT_VERSION = 4.0;
				TARGETED_DEVICE_FAMILY = "1,2";
			};
			name = Debug;
		};
		DE43C60C1F424EA50053C2DF /* Release */ = {
			isa = XCBuildConfiguration;
			buildSettings = {
				ASSETCATALOG_COMPILER_APPICON_NAME = AppIcon;
				DEVELOPMENT_TEAM = EG83GDTSK2;
				INFOPLIST_FILE = MyFirstARApp/Info.plist;
				LD_RUNPATH_SEARCH_PATHS = "$(inherited) @executable_path/Frameworks";
				PRODUCT_BUNDLE_IDENTIFIER = com.Confiz.MyFirstARApp;
				PRODUCT_NAME = "$(TARGET_NAME)";
				SWIFT_VERSION = 4.0;
				TARGETED_DEVICE_FAMILY = "1,2";
			};
			name = Release;
		};
/* End XCBuildConfiguration section */

/* Begin XCConfigurationList section */
		DE43C5F11F424EA40053C2DF /* Build configuration list for PBXProject "MyFirstARApp" */ = {
			isa = XCConfigurationList;
			buildConfigurations = (
				DE43C6081F424EA50053C2DF /* Debug */,
				DE43C6091F424EA50053C2DF /* Release */,
			);
			defaultConfigurationIsVisible = 0;
			defaultConfigurationName = Release;
		};
		DE43C60A1F424EA50053C2DF /* Build configuration list for PBXNativeTarget "MyFirstARApp" */ = {
			isa = XCConfigurationList;
			buildConfigurations = (
				DE43C60B1F424EA50053C2DF /* Debug */,
				DE43C60C1F424EA50053C2DF /* Release */,
			);
			defaultConfigurationIsVisible = 0;
		};
/* End XCConfigurationList section */
	};
	rootObject = DE43C5EE1F424EA40053C2DF /* Project object */;
}
